// !$*UTF8*$!
{
	archiveVersion = 1;
	classes = {
	};
	objectVersion = 50;
	objects = {

/* Begin PBXBuildFile section */
		684EE681259367B1006573BE /* MoviesServices.swift in Sources */ = {isa = PBXBuildFile; fileRef = 684EE680259367B1006573BE /* MoviesServices.swift */; };
		684EE68425936FC5006573BE /* MovieStore.swift in Sources */ = {isa = PBXBuildFile; fileRef = 684EE68325936FC5006573BE /* MovieStore.swift */; };
		684EE6872593816E006573BE /* Utils.swift in Sources */ = {isa = PBXBuildFile; fileRef = 684EE6862593816E006573BE /* Utils.swift */; };
		68947E102592A0EC00BD9D31 /* MovieModel.swift in Sources */ = {isa = PBXBuildFile; fileRef = 68947E0F2592A0EC00BD9D31 /* MovieModel.swift */; };
		68947E152592A17900BD9D31 /* MainCollectionViewCell.swift in Sources */ = {isa = PBXBuildFile; fileRef = 68947E132592A17900BD9D31 /* MainCollectionViewCell.swift */; };
		68947E162592A17900BD9D31 /* MainCollectionViewCell.xib in Resources */ = {isa = PBXBuildFile; fileRef = 68947E142592A17900BD9D31 /* MainCollectionViewCell.xib */; };
		68D21E49259008C20057A538 /* AppDelegate.swift in Sources */ = {isa = PBXBuildFile; fileRef = 68D21E48259008C20057A538 /* AppDelegate.swift */; };
		68D21E4B259008C20057A538 /* SceneDelegate.swift in Sources */ = {isa = PBXBuildFile; fileRef = 68D21E4A259008C20057A538 /* SceneDelegate.swift */; };
		68D21E4D259008C20057A538 /* MainPresenter.swift in Sources */ = {isa = PBXBuildFile; fileRef = 68D21E4C259008C20057A538 /* MainPresenter.swift */; };
		68D21E50259008C20057A538 /* Main.storyboard in Resources */ = {isa = PBXBuildFile; fileRef = 68D21E4E259008C20057A538 /* Main.storyboard */; };
		68D21E53259008C20057A538 /* Movie_Poster.xcdatamodeld in Sources */ = {isa = PBXBuildFile; fileRef = 68D21E51259008C20057A538 /* Movie_Poster.xcdatamodeld */; };
		68D21E55259008C30057A538 /* Assets.xcassets in Resources */ = {isa = PBXBuildFile; fileRef = 68D21E54259008C30057A538 /* Assets.xcassets */; };
		68D21E58259008C30057A538 /* LaunchScreen.storyboard in Resources */ = {isa = PBXBuildFile; fileRef = 68D21E56259008C30057A538 /* LaunchScreen.storyboard */; };
/* End PBXBuildFile section */

/* Begin PBXFileReference section */
		684EE680259367B1006573BE /* MoviesServices.swift */ = {isa = PBXFileReference; lastKnownFileType = sourcecode.swift; path = MoviesServices.swift; sourceTree = "<group>"; };
		684EE68325936FC5006573BE /* MovieStore.swift */ = {isa = PBXFileReference; lastKnownFileType = sourcecode.swift; path = MovieStore.swift; sourceTree = "<group>"; };
		684EE6862593816E006573BE /* Utils.swift */ = {isa = PBXFileReference; lastKnownFileType = sourcecode.swift; path = Utils.swift; sourceTree = "<group>"; };
		68947E0F2592A0EC00BD9D31 /* MovieModel.swift */ = {isa = PBXFileReference; lastKnownFileType = sourcecode.swift; path = MovieModel.swift; sourceTree = "<group>"; };
		68947E132592A17900BD9D31 /* MainCollectionViewCell.swift */ = {isa = PBXFileReference; lastKnownFileType = sourcecode.swift; path = MainCollectionViewCell.swift; sourceTree = "<group>"; };
		68947E142592A17900BD9D31 /* MainCollectionViewCell.xib */ = {isa = PBXFileReference; lastKnownFileType = file.xib; path = MainCollectionViewCell.xib; sourceTree = "<group>"; };
		68D21E45259008C20057A538 /* Movie Poster.app */ = {isa = PBXFileReference; explicitFileType = wrapper.application; includeInIndex = 0; path = "Movie Poster.app"; sourceTree = BUILT_PRODUCTS_DIR; };
		68D21E48259008C20057A538 /* AppDelegate.swift */ = {isa = PBXFileReference; lastKnownFileType = sourcecode.swift; path = AppDelegate.swift; sourceTree = "<group>"; };
		68D21E4A259008C20057A538 /* SceneDelegate.swift */ = {isa = PBXFileReference; lastKnownFileType = sourcecode.swift; path = SceneDelegate.swift; sourceTree = "<group>"; };
		68D21E4C259008C20057A538 /* MainPresenter.swift */ = {isa = PBXFileReference; lastKnownFileType = sourcecode.swift; path = MainPresenter.swift; sourceTree = "<group>"; };
		68D21E4F259008C20057A538 /* Base */ = {isa = PBXFileReference; lastKnownFileType = file.storyboard; name = Base; path = Base.lproj/Main.storyboard; sourceTree = "<group>"; };
		68D21E52259008C20057A538 /* Movie_Poster.xcdatamodel */ = {isa = PBXFileReference; lastKnownFileType = wrapper.xcdatamodel; path = Movie_Poster.xcdatamodel; sourceTree = "<group>"; };
		68D21E54259008C30057A538 /* Assets.xcassets */ = {isa = PBXFileReference; lastKnownFileType = folder.assetcatalog; path = Assets.xcassets; sourceTree = "<group>"; };
		68D21E57259008C30057A538 /* Base */ = {isa = PBXFileReference; lastKnownFileType = file.storyboard; name = Base; path = Base.lproj/LaunchScreen.storyboard; sourceTree = "<group>"; };
		68D21E59259008C30057A538 /* Info.plist */ = {isa = PBXFileReference; lastKnownFileType = text.plist.xml; path = Info.plist; sourceTree = "<group>"; };
/* End PBXFileReference section */

/* Begin PBXFrameworksBuildPhase section */
		68D21E42259008C20057A538 /* Frameworks */ = {
			isa = PBXFrameworksBuildPhase;
			buildActionMask = 2147483647;
			files = (
			);
			runOnlyForDeploymentPostprocessing = 0;
		};
/* End PBXFrameworksBuildPhase section */

/* Begin PBXGroup section */
		684EE67C25936690006573BE /* Sroryboard */ = {
			isa = PBXGroup;
			children = (
				68D21E4E259008C20057A538 /* Main.storyboard */,
			);
			path = Sroryboard;
			sourceTree = "<group>";
		};
		684EE67E25936752006573BE /* NetworkManager */ = {
			isa = PBXGroup;
			children = (
				684EE67F25936795006573BE /* Services */,
			);
			path = NetworkManager;
			sourceTree = "<group>";
		};
		684EE67F25936795006573BE /* Services */ = {
			isa = PBXGroup;
			children = (
				684EE680259367B1006573BE /* MoviesServices.swift */,
				684EE68325936FC5006573BE /* MovieStore.swift */,
			);
			path = Services;
			sourceTree = "<group>";
		};
		68947E0B2592A0B200BD9D31 /* MainModule */ = {
			isa = PBXGroup;
			children = (
				68947E0E2592A0D200BD9D31 /* View */,
				68947E0D2592A0C700BD9D31 /* Model */,
				68947E0C2592A0C100BD9D31 /* Presenter */,
			);
			path = MainModule;
			sourceTree = "<group>";
		};
		68947E0C2592A0C100BD9D31 /* Presenter */ = {
			isa = PBXGroup;
			children = (
				68D21E4C259008C20057A538 /* MainPresenter.swift */,
			);
			path = Presenter;
			sourceTree = "<group>";
		};
		68947E0D2592A0C700BD9D31 /* Model */ = {
			isa = PBXGroup;
			children = (
				68947E0F2592A0EC00BD9D31 /* MovieModel.swift */,
			);
			path = Model;
			sourceTree = "<group>";
		};
		68947E0E2592A0D200BD9D31 /* View */ = {
			isa = PBXGroup;
			children = (
				68947E122592A15E00BD9D31 /* Cell */,
				684EE67C25936690006573BE /* Sroryboard */,
			);
			path = View;
			sourceTree = "<group>";
		};
		68947E122592A15E00BD9D31 /* Cell */ = {
			isa = PBXGroup;
			children = (
				68947E132592A17900BD9D31 /* MainCollectionViewCell.swift */,
				68947E142592A17900BD9D31 /* MainCollectionViewCell.xib */,
			);
			path = Cell;
			sourceTree = "<group>";
		};
		68D21E3C259008C20057A538 = {
			isa = PBXGroup;
			children = (
				68D21E47259008C20057A538 /* Movie Poster */,
				68D21E46259008C20057A538 /* Products */,
			);
			sourceTree = "<group>";
		};
		68D21E46259008C20057A538 /* Products */ = {
			isa = PBXGroup;
			children = (
				68D21E45259008C20057A538 /* Movie Poster.app */,
			);
			name = Products;
			sourceTree = "<group>";
		};
		68D21E47259008C20057A538 /* Movie Poster */ = {
			isa = PBXGroup;
			children = (
				68D21E48259008C20057A538 /* AppDelegate.swift */,
				68D21E4A259008C20057A538 /* SceneDelegate.swift */,
				684EE6862593816E006573BE /* Utils.swift */,
				684EE67E25936752006573BE /* NetworkManager */,
				68947E0B2592A0B200BD9D31 /* MainModule */,
				68D21E54259008C30057A538 /* Assets.xcassets */,
				68D21E56259008C30057A538 /* LaunchScreen.storyboard */,
				68D21E59259008C30057A538 /* Info.plist */,
				68D21E51259008C20057A538 /* Movie_Poster.xcdatamodeld */,
			);
			path = "Movie Poster";
			sourceTree = "<group>";
		};
/* End PBXGroup section */

/* Begin PBXNativeTarget section */
		68D21E44259008C20057A538 /* Movie Poster */ = {
			isa = PBXNativeTarget;
			buildConfigurationList = 68D21E5C259008C30057A538 /* Build configuration list for PBXNativeTarget "Movie Poster" */;
			buildPhases = (
				68D21E41259008C20057A538 /* Sources */,
				68D21E42259008C20057A538 /* Frameworks */,
				68D21E43259008C20057A538 /* Resources */,
			);
			buildRules = (
			);
			dependencies = (
			);
			name = "Movie Poster";
			productName = "Movie Poster";
			productReference = 68D21E45259008C20057A538 /* Movie Poster.app */;
			productType = "com.apple.product-type.application";
		};
/* End PBXNativeTarget section */

/* Begin PBXProject section */
		68D21E3D259008C20057A538 /* Project object */ = {
			isa = PBXProject;
			attributes = {
				LastSwiftUpdateCheck = 1220;
				LastUpgradeCheck = 1220;
				TargetAttributes = {
					68D21E44259008C20057A538 = {
						CreatedOnToolsVersion = 12.2;
					};
				};
			};
			buildConfigurationList = 68D21E40259008C20057A538 /* Build configuration list for PBXProject "Movie Poster" */;
			compatibilityVersion = "Xcode 9.3";
			developmentRegion = en;
			hasScannedForEncodings = 0;
			knownRegions = (
				en,
				Base,
			);
			mainGroup = 68D21E3C259008C20057A538;
			productRefGroup = 68D21E46259008C20057A538 /* Products */;
			projectDirPath = "";
			projectRoot = "";
			targets = (
				68D21E44259008C20057A538 /* Movie Poster */,
			);
		};
/* End PBXProject section */

/* Begin PBXResourcesBuildPhase section */
		68D21E43259008C20057A538 /* Resources */ = {
			isa = PBXResourcesBuildPhase;
			buildActionMask = 2147483647;
			files = (
				68D21E58259008C30057A538 /* LaunchScreen.storyboard in Resources */,
				68D21E55259008C30057A538 /* Assets.xcassets in Resources */,
				68D21E50259008C20057A538 /* Main.storyboard in Resources */,
				68947E162592A17900BD9D31 /* MainCollectionViewCell.xib in Resources */,
			);
			runOnlyForDeploymentPostprocessing = 0;
		};
/* End PBXResourcesBuildPhase section */

/* Begin PBXSourcesBuildPhase section */
		68D21E41259008C20057A538 /* Sources */ = {
			isa = PBXSourcesBuildPhase;
			buildActionMask = 2147483647;
			files = (
				684EE68425936FC5006573BE /* MovieStore.swift in Sources */,
				68D21E4D259008C20057A538 /* MainPresenter.swift in Sources */,
				684EE6872593816E006573BE /* Utils.swift in Sources */,
				68947E152592A17900BD9D31 /* MainCollectionViewCell.swift in Sources */,
				68D21E53259008C20057A538 /* Movie_Poster.xcdatamodeld in Sources */,
				68947E102592A0EC00BD9D31 /* MovieModel.swift in Sources */,
				68D21E49259008C20057A538 /* AppDelegate.swift in Sources */,
				68D21E4B259008C20057A538 /* SceneDelegate.swift in Sources */,
				684EE681259367B1006573BE /* MoviesServices.swift in Sources */,
			);
			runOnlyForDeploymentPostprocessing = 0;
		};
/* End PBXSourcesBuildPhase section */

/* Begin PBXVariantGroup section */
		68D21E4E259008C20057A538 /* Main.storyboard */ = {
			isa = PBXVariantGroup;
			children = (
				68D21E4F259008C20057A538 /* Base */,
			);
			name = Main.storyboard;
			sourceTree = "<group>";
		};
		68D21E56259008C30057A538 /* LaunchScreen.storyboard */ = {
			isa = PBXVariantGroup;
			children = (
				68D21E57259008C30057A538 /* Base */,
			);
			name = LaunchScreen.storyboard;
			sourceTree = "<group>";
		};
/* End PBXVariantGroup section */

/* Begin XCBuildConfiguration section */
		68D21E5A259008C30057A538 /* Debug */ = {
			isa = XCBuildConfiguration;
			buildSettings = {
				ALWAYS_SEARCH_USER_PATHS = NO;
				CLANG_ANALYZER_NONNULL = YES;
				CLANG_ANALYZER_NUMBER_OBJECT_CONVERSION = YES_AGGRESSIVE;
				CLANG_CXX_LANGUAGE_STANDARD = "gnu++14";
				CLANG_CXX_LIBRARY = "libc++";
				CLANG_ENABLE_MODULES = YES;
				CLANG_ENABLE_OBJC_ARC = YES;
				CLANG_ENABLE_OBJC_WEAK = YES;
				CLANG_WARN_BLOCK_CAPTURE_AUTORELEASING = YES;
				CLANG_WARN_BOOL_CONVERSION = YES;
				CLANG_WARN_COMMA = YES;
				CLANG_WARN_CONSTANT_CONVERSION = YES;
				CLANG_WARN_DEPRECATED_OBJC_IMPLEMENTATIONS = YES;
				CLANG_WARN_DIRECT_OBJC_ISA_USAGE = YES_ERROR;
				CLANG_WARN_DOCUMENTATION_COMMENTS = YES;
				CLANG_WARN_EMPTY_BODY = YES;
				CLANG_WARN_ENUM_CONVERSION = YES;
				CLANG_WARN_INFINITE_RECURSION = YES;
				CLANG_WARN_INT_CONVERSION = YES;
				CLANG_WARN_NON_LITERAL_NULL_CONVERSION = YES;
				CLANG_WARN_OBJC_IMPLICIT_RETAIN_SELF = YES;
				CLANG_WARN_OBJC_LITERAL_CONVERSION = YES;
				CLANG_WARN_OBJC_ROOT_CLASS = YES_ERROR;
				CLANG_WARN_QUOTED_INCLUDE_IN_FRAMEWORK_HEADER = YES;
				CLANG_WARN_RANGE_LOOP_ANALYSIS = YES;
				CLANG_WARN_STRICT_PROTOTYPES = YES;
				CLANG_WARN_SUSPICIOUS_MOVE = YES;
				CLANG_WARN_UNGUARDED_AVAILABILITY = YES_AGGRESSIVE;
				CLANG_WARN_UNREACHABLE_CODE = YES;
				CLANG_WARN__DUPLICATE_METHOD_MATCH = YES;
				COPY_PHASE_STRIP = NO;
				DEBUG_INFORMATION_FORMAT = dwarf;
				ENABLE_STRICT_OBJC_MSGSEND = YES;
				ENABLE_TESTABILITY = YES;
				GCC_C_LANGUAGE_STANDARD = gnu11;
				GCC_DYNAMIC_NO_PIC = NO;
				GCC_NO_COMMON_BLOCKS = YES;
				GCC_OPTIMIZATION_LEVEL = 0;
				GCC_PREPROCESSOR_DEFINITIONS = (
					"DEBUG=1",
					"$(inherited)",
				);
				GCC_WARN_64_TO_32_BIT_CONVERSION = YES;
				GCC_WARN_ABOUT_RETURN_TYPE = YES_ERROR;
				GCC_WARN_UNDECLARED_SELECTOR = YES;
				GCC_WARN_UNINITIALIZED_AUTOS = YES_AGGRESSIVE;
				GCC_WARN_UNUSED_FUNCTION = YES;
				GCC_WARN_UNUSED_VARIABLE = YES;
				IPHONEOS_DEPLOYMENT_TARGET = 14.2;
				MTL_ENABLE_DEBUG_INFO = INCLUDE_SOURCE;
				MTL_FAST_MATH = YES;
				ONLY_ACTIVE_ARCH = YES;
				SDKROOT = iphoneos;
				SWIFT_ACTIVE_COMPILATION_CONDITIONS = DEBUG;
				SWIFT_OPTIMIZATION_LEVEL = "-Onone";
			};
			name = Debug;
		};
		68D21E5B259008C30057A538 /* Release */ = {
			isa = XCBuildConfiguration;
			buildSettings = {
				ALWAYS_SEARCH_USER_PATHS = NO;
				CLANG_ANALYZER_NONNULL = YES;
				CLANG_ANALYZER_NUMBER_OBJECT_CONVERSION = YES_AGGRESSIVE;
				CLANG_CXX_LANGUAGE_STANDARD = "gnu++14";
				CLANG_CXX_LIBRARY = "libc++";
				CLANG_ENABLE_MODULES = YES;
				CLANG_ENABLE_OBJC_ARC = YES;
				CLANG_ENABLE_OBJC_WEAK = YES;
				CLANG_WARN_BLOCK_CAPTURE_AUTORELEASING = YES;
				CLANG_WARN_BOOL_CONVERSION = YES;
				CLANG_WARN_COMMA = YES;
				CLANG_WARN_CONSTANT_CONVERSION = YES;
				CLANG_WARN_DEPRECATED_OBJC_IMPLEMENTATIONS = YES;
				CLANG_WARN_DIRECT_OBJC_ISA_USAGE = YES_ERROR;
				CLANG_WARN_DOCUMENTATION_COMMENTS = YES;
				CLANG_WARN_EMPTY_BODY = YES;
				CLANG_WARN_ENUM_CONVERSION = YES;
				CLANG_WARN_INFINITE_RECURSION = YES;
				CLANG_WARN_INT_CONVERSION = YES;
				CLANG_WARN_NON_LITERAL_NULL_CONVERSION = YES;
				CLANG_WARN_OBJC_IMPLICIT_RETAIN_SELF = YES;
				CLANG_WARN_OBJC_LITERAL_CONVERSION = YES;
				CLANG_WARN_OBJC_ROOT_CLASS = YES_ERROR;
				CLANG_WARN_QUOTED_INCLUDE_IN_FRAMEWORK_HEADER = YES;
				CLANG_WARN_RANGE_LOOP_ANALYSIS = YES;
				CLANG_WARN_STRICT_PROTOTYPES = YES;
				CLANG_WARN_SUSPICIOUS_MOVE = YES;
				CLANG_WARN_UNGUARDED_AVAILABILITY = YES_AGGRESSIVE;
				CLANG_WARN_UNREACHABLE_CODE = YES;
				CLANG_WARN__DUPLICATE_METHOD_MATCH = YES;
				COPY_PHASE_STRIP = NO;
				DEBUG_INFORMATION_FORMAT = "dwarf-with-dsym";
				ENABLE_NS_ASSERTIONS = NO;
				ENABLE_STRICT_OBJC_MSGSEND = YES;
				GCC_C_LANGUAGE_STANDARD = gnu11;
				GCC_NO_COMMON_BLOCKS = YES;
				GCC_WARN_64_TO_32_BIT_CONVERSION = YES;
				GCC_WARN_ABOUT_RETURN_TYPE = YES_ERROR;
				GCC_WARN_UNDECLARED_SELECTOR = YES;
				GCC_WARN_UNINITIALIZED_AUTOS = YES_AGGRESSIVE;
				GCC_WARN_UNUSED_FUNCTION = YES;
				GCC_WARN_UNUSED_VARIABLE = YES;
				IPHONEOS_DEPLOYMENT_TARGET = 14.2;
				MTL_ENABLE_DEBUG_INFO = NO;
				MTL_FAST_MATH = YES;
				SDKROOT = iphoneos;
				SWIFT_COMPILATION_MODE = wholemodule;
				SWIFT_OPTIMIZATION_LEVEL = "-O";
				VALIDATE_PRODUCT = YES;
			};
			name = Release;
		};
		68D21E5D259008C30057A538 /* Debug */ = {
			isa = XCBuildConfiguration;
			buildSettings = {
				ASSETCATALOG_COMPILER_APPICON_NAME = AppIcon;
				ASSETCATALOG_COMPILER_GLOBAL_ACCENT_COLOR_NAME = AccentColor;
				CODE_SIGN_STYLE = Automatic;
				DEVELOPMENT_TEAM = 43SN73XHLW;
				INFOPLIST_FILE = "Movie Poster/Info.plist";
				LD_RUNPATH_SEARCH_PATHS = (
					"$(inherited)",
					"@executable_path/Frameworks",
				);
				PRODUCT_BUNDLE_IDENTIFIER = "DmitriySavushkin.Movie-Poster";
				PRODUCT_NAME = "$(TARGET_NAME)";
				SWIFT_VERSION = 5.0;
				TARGETED_DEVICE_FAMILY = "1,2";
			};
			name = Debug;
		};
		68D21E5E259008C30057A538 /* Release */ = {
			isa = XCBuildConfiguration;
			buildSettings = {
				ASSETCATALOG_COMPILER_APPICON_NAME = AppIcon;
				ASSETCATALOG_COMPILER_GLOBAL_ACCENT_COLOR_NAME = AccentColor;
				CODE_SIGN_STYLE = Automatic;
				DEVELOPMENT_TEAM = 43SN73XHLW;
				INFOPLIST_FILE = "Movie Poster/Info.plist";
				LD_RUNPATH_SEARCH_PATHS = (
					"$(inherited)",
					"@executable_path/Frameworks",
				);
				PRODUCT_BUNDLE_IDENTIFIER = "DmitriySavushkin.Movie-Poster";
				PRODUCT_NAME = "$(TARGET_NAME)";
				SWIFT_VERSION = 5.0;
				TARGETED_DEVICE_FAMILY = "1,2";
			};
			name = Release;
		};
/* End XCBuildConfiguration section */

/* Begin XCConfigurationList section */
		68D21E40259008C20057A538 /* Build configuration list for PBXProject "Movie Poster" */ = {
			isa = XCConfigurationList;
			buildConfigurations = (
				68D21E5A259008C30057A538 /* Debug */,
				68D21E5B259008C30057A538 /* Release */,
			);
			defaultConfigurationIsVisible = 0;
			defaultConfigurationName = Release;
		};
		68D21E5C259008C30057A538 /* Build configuration list for PBXNativeTarget "Movie Poster" */ = {
			isa = XCConfigurationList;
			buildConfigurations = (
				68D21E5D259008C30057A538 /* Debug */,
				68D21E5E259008C30057A538 /* Release */,
			);
			defaultConfigurationIsVisible = 0;
			defaultConfigurationName = Release;
		};
/* End XCConfigurationList section */

/* Begin XCVersionGroup section */
		68D21E51259008C20057A538 /* Movie_Poster.xcdatamodeld */ = {
			isa = XCVersionGroup;
			children = (
				68D21E52259008C20057A538 /* Movie_Poster.xcdatamodel */,
			);
			currentVersion = 68D21E52259008C20057A538 /* Movie_Poster.xcdatamodel */;
			path = Movie_Poster.xcdatamodeld;
			sourceTree = "<group>";
			versionGroupType = wrapper.xcdatamodel;
		};
/* End XCVersionGroup section */
	};
	rootObject = 68D21E3D259008C20057A538 /* Project object */;
}
